
Microsoft Visual Studio Solution File, Format Version 12.00
# Visual Studio Version 17
VisualStudioVersion = 17.9.34902.65
MinimumVisualStudioVersion = 10.0.40219.1
Project("{FAE04EC0-301F-11D3-BF4B-00C04F79EFBC}") = "TestProject1", "TestProject1\TestProject1.csproj", "{3760617E-AE58-40FF-9EC4-A3F25486011C}"
EndProject
Global
	GlobalSection(SolutionConfigurationPlatforms) = preSolution
		Debug|Any CPU = Debug|Any CPU
		Release|Any CPU = Release|Any CPU
	EndGlobalSection
	GlobalSection(ProjectConfigurationPlatforms) = postSolution
		{3760617E-AE58-40FF-9EC4-A3F25486011C}.Debug|Any CPU.ActiveCfg = Debug|Any CPU
		{3760617E-AE58-40FF-9EC4-A3F25486011C}.Debug|Any CPU.Build.0 = Debug|Any CPU
		{3760617E-AE58-40FF-9EC4-A3F25486011C}.Release|Any CPU.ActiveCfg = Release|Any CPU
		{3760617E-AE58-40FF-9EC4-A3F25486011C}.Release|Any CPU.Build.0 = Release|Any CPU
	EndGlobalSection
	GlobalSection(SolutionProperties) = preSolution
		HideSolutionNode = FALSE
	EndGlobalSection
	GlobalSection(ExtensibilityGlobals) = postSolution
		SolutionGuid = {61F4A76A-5E38-4380-9AA7-B6D4252CDF47}
	EndGlobalSection
EndGlobal
